Microsoft Visual Studio Solution File, Format Version 12.00
# Visual Studio Version 17
VisualStudioVersion = 17.13.35825.156
MinimumVisualStudioVersion = 10.0.40219.1
Project("{FAE04EC0-301F-11D3-BF4B-00C04F79EFBC}") = "LinnenWebApp_v1", "LinnenWebApp_v1\LinnenWebApp_v1.csproj", "{BEB6B32E-DC3B-42F9-8871-68E9859A08EE}"
EndProject
Global
	GlobalSection(SolutionConfigurationPlatforms) = preSolution
		Debug|Any CPU = Debug|Any CPU
		Release|Any CPU = Release|Any CPU
	EndGlobalSection
	GlobalSection(ProjectConfigurationPlatforms) = postSolution
		{BEB6B32E-DC3B-42F9-8871-68E9859A08EE}.Debug|Any CPU.ActiveCfg = Debug|Any CPU
		{BEB6B32E-DC3B-42F9-8871-68E9859A08EE}.Debug|Any CPU.Build.0 = Debug|Any CPU
		{BEB6B32E-DC3B-42F9-8871-68E9859A08EE}.Release|Any CPU.ActiveCfg = Release|Any CPU
		{BEB6B32E-DC3B-42F9-8871-68E9859A08EE}.Release|Any CPU.Build.0 = Release|Any CPU
	EndGlobalSection
	GlobalSection(SolutionProperties) = preSolution
		HideSolutionNode = FALSE
	EndGlobalSection
	GlobalSection(ExtensibilityGlobals) = postSolution
		SolutionGuid = {11E81B7C-B1A7-44B4-8B13-96DD994B2CEB}
	EndGlobalSection
EndGlobal
